
Microsoft Visual Studio Solution File, Format Version 12.00
# Visual Studio Version 17
VisualStudioVersion = 17.3.32901.215
MinimumVisualStudioVersion = 10.0.40219.1
Project("{FAE04EC0-301F-11D3-BF4B-00C04F79EFBC}") = "Pfister_Jahresprojekt", "Pfister_Jahresprojekt\Pfister_Jahresprojekt.csproj", "{09D0A19A-B70F-481F-B659-17C287414DF7}"
EndProject
Global
	GlobalSection(SolutionConfigurationPlatforms) = preSolution
		Debug|Any CPU = Debug|Any CPU
		Release|Any CPU = Release|Any CPU
	EndGlobalSection
	GlobalSection(ProjectConfigurationPlatforms) = postSolution
		{09D0A19A-B70F-481F-B659-17C287414DF7}.Debug|Any CPU.ActiveCfg = Debug|Any CPU
		{09D0A19A-B70F-481F-B659-17C287414DF7}.Debug|Any CPU.Build.0 = Debug|Any CPU
		{09D0A19A-B70F-481F-B659-17C287414DF7}.Release|Any CPU.ActiveCfg = Release|Any CPU
		{09D0A19A-B70F-481F-B659-17C287414DF7}.Release|Any CPU.Build.0 = Release|Any CPU
	EndGlobalSection
	GlobalSection(SolutionProperties) = preSolution
		HideSolutionNode = FALSE
	EndGlobalSection
	GlobalSection(ExtensibilityGlobals) = postSolution
		SolutionGuid = {D9371D73-2BDD-4E61-9666-D358371764AC}
	EndGlobalSection
EndGlobal
